
Microsoft Visual Studio Solution File, Format Version 12.00
# Visual Studio Version 16
VisualStudioVersion = 16.0.32126.315
MinimumVisualStudioVersion = 10.0.40219.1
Project("{9A19103F-16F7-4668-BE54-9A1E7A4F7556}") = "PIA.DotNet.Interview.Core", "PIA.DotNet.Interview.Core\PIA.DotNet.Interview.Core.csproj", "{DC4D9982-8A28-41AF-AFB1-8A34B55AE4DA}"
EndProject
Project("{9A19103F-16F7-4668-BE54-9A1E7A4F7556}") = "PIA.DotNet.Interview.WebUI", "PIA.DotNet.Interview.WebUI\PIA.DotNet.Interview.WebUI.csproj", "{200D561E-84D0-41F2-BAE3-0E66EB89C514}"
EndProject
Project("{9A19103F-16F7-4668-BE54-9A1E7A4F7556}") = "PIA.DotNet.Interview.Backend", "PIA.DotNet.Interview.Backend\PIA.DotNet.Interview.Backend.csproj", "{A203BCAD-FA72-40D8-96A5-F7E0C5D9F6F5}"
EndProject
Project("{2150E333-8FDC-42A3-9474-1A3956D46DE8}") = "Solution Items", "Solution Items", "{F205562B-FFAC-4BD2-83D5-4CC367F61AC8}"
	ProjectSection(SolutionItems) = preProject
		.editorconfig = .editorconfig
		.gitignore = .gitignore
		README.md = README.md
	EndProjectSection
EndProject
Global
	GlobalSection(SolutionConfigurationPlatforms) = preSolution
		Debug|Any CPU = Debug|Any CPU
		Release|Any CPU = Release|Any CPU
	EndGlobalSection
	GlobalSection(ProjectConfigurationPlatforms) = postSolution
		{DC4D9982-8A28-41AF-AFB1-8A34B55AE4DA}.Debug|Any CPU.ActiveCfg = Debug|Any CPU
		{DC4D9982-8A28-41AF-AFB1-8A34B55AE4DA}.Debug|Any CPU.Build.0 = Debug|Any CPU
		{DC4D9982-8A28-41AF-AFB1-8A34B55AE4DA}.Release|Any CPU.ActiveCfg = Release|Any CPU
		{DC4D9982-8A28-41AF-AFB1-8A34B55AE4DA}.Release|Any CPU.Build.0 = Release|Any CPU
		{200D561E-84D0-41F2-BAE3-0E66EB89C514}.Debug|Any CPU.ActiveCfg = Debug|Any CPU
		{200D561E-84D0-41F2-BAE3-0E66EB89C514}.Debug|Any CPU.Build.0 = Debug|Any CPU
		{200D561E-84D0-41F2-BAE3-0E66EB89C514}.Release|Any CPU.ActiveCfg = Release|Any CPU
		{200D561E-84D0-41F2-BAE3-0E66EB89C514}.Release|Any CPU.Build.0 = Release|Any CPU
		{A203BCAD-FA72-40D8-96A5-F7E0C5D9F6F5}.Debug|Any CPU.ActiveCfg = Debug|Any CPU
		{A203BCAD-FA72-40D8-96A5-F7E0C5D9F6F5}.Debug|Any CPU.Build.0 = Debug|Any CPU
		{A203BCAD-FA72-40D8-96A5-F7E0C5D9F6F5}.Release|Any CPU.ActiveCfg = Release|Any CPU
		{A203BCAD-FA72-40D8-96A5-F7E0C5D9F6F5}.Release|Any CPU.Build.0 = Release|Any CPU
	EndGlobalSection
	GlobalSection(SolutionProperties) = preSolution
		HideSolutionNode = FALSE
	EndGlobalSection
	GlobalSection(ExtensibilityGlobals) = postSolution
		SolutionGuid = {5E8B41C9-1219-48B7-9199-4269B299F7B0}
	EndGlobalSection
EndGlobal
